
Microsoft Visual Studio Solution File, Format Version 12.00
# Visual Studio 15
VisualStudioVersion = 15.0.27428.2037
MinimumVisualStudioVersion = 10.0.40219.1
Project("{FAE04EC0-301F-11D3-BF4B-00C04F79EFBC}") = "DataService", "DataService\DataService.csproj", "{D961C3E9-467A-4A09-8192-7068A31B7482}"
EndProject
Project("{FAE04EC0-301F-11D3-BF4B-00C04F79EFBC}") = "CommonLib", "CommonLib\CommonLib.csproj", "{29FDD13D-7B5C-452F-A404-FA3E23B7D97E}"
EndProject
Project("{FAE04EC0-301F-11D3-BF4B-00C04F79EFBC}") = "DataFront", "DataFront\DataFront.csproj", "{A348BF4B-B001-47D3-8477-56873750495D}"
EndProject
Global
	GlobalSection(SolutionConfigurationPlatforms) = preSolution
		Debug|Any CPU = Debug|Any CPU
		Release|Any CPU = Release|Any CPU
	EndGlobalSection
	GlobalSection(ProjectConfigurationPlatforms) = postSolution
		{D961C3E9-467A-4A09-8192-7068A31B7482}.Debug|Any CPU.ActiveCfg = Debug|Any CPU
		{D961C3E9-467A-4A09-8192-7068A31B7482}.Debug|Any CPU.Build.0 = Debug|Any CPU
		{D961C3E9-467A-4A09-8192-7068A31B7482}.Release|Any CPU.ActiveCfg = Release|Any CPU
		{D961C3E9-467A-4A09-8192-7068A31B7482}.Release|Any CPU.Build.0 = Release|Any CPU
		{29FDD13D-7B5C-452F-A404-FA3E23B7D97E}.Debug|Any CPU.ActiveCfg = Debug|Any CPU
		{29FDD13D-7B5C-452F-A404-FA3E23B7D97E}.Debug|Any CPU.Build.0 = Debug|Any CPU
		{29FDD13D-7B5C-452F-A404-FA3E23B7D97E}.Release|Any CPU.ActiveCfg = Release|Any CPU
		{29FDD13D-7B5C-452F-A404-FA3E23B7D97E}.Release|Any CPU.Build.0 = Release|Any CPU
		{A348BF4B-B001-47D3-8477-56873750495D}.Debug|Any CPU.ActiveCfg = Debug|Any CPU
		{A348BF4B-B001-47D3-8477-56873750495D}.Debug|Any CPU.Build.0 = Debug|Any CPU
		{A348BF4B-B001-47D3-8477-56873750495D}.Release|Any CPU.ActiveCfg = Release|Any CPU
		{A348BF4B-B001-47D3-8477-56873750495D}.Release|Any CPU.Build.0 = Release|Any CPU
	EndGlobalSection
	GlobalSection(SolutionProperties) = preSolution
		HideSolutionNode = FALSE
	EndGlobalSection
	GlobalSection(ExtensibilityGlobals) = postSolution
		SolutionGuid = {14AC1A00-F527-482F-8A3C-7F8991D204A5}
	EndGlobalSection
EndGlobal
