
Microsoft Visual Studio Solution File, Format Version 12.00
# Visual Studio 14
VisualStudioVersion = 14.0.25420.1
MinimumVisualStudioVersion = 10.0.40219.1
Project("{FAE04EC0-301F-11D3-BF4B-00C04F79EFBC}") = "DataService", "DataService\DataService.csproj", "{D961C3E9-467A-4A09-8192-7068A31B7482}"
EndProject
Project("{FAE04EC0-301F-11D3-BF4B-00C04F79EFBC}") = "CommonLib", "CommonLib\CommonLib.csproj", "{29FDD13D-7B5C-452F-A404-FA3E23B7D97E}"
EndProject
Global
	GlobalSection(SolutionConfigurationPlatforms) = preSolution
		Debug|Any CPU = Debug|Any CPU
		Release|Any CPU = Release|Any CPU
	EndGlobalSection
	GlobalSection(ProjectConfigurationPlatforms) = postSolution
		{D961C3E9-467A-4A09-8192-7068A31B7482}.Debug|Any CPU.ActiveCfg = Debug|Any CPU
		{D961C3E9-467A-4A09-8192-7068A31B7482}.Debug|Any CPU.Build.0 = Debug|Any CPU
		{D961C3E9-467A-4A09-8192-7068A31B7482}.Release|Any CPU.ActiveCfg = Release|Any CPU
		{D961C3E9-467A-4A09-8192-7068A31B7482}.Release|Any CPU.Build.0 = Release|Any CPU
		{29FDD13D-7B5C-452F-A404-FA3E23B7D97E}.Debug|Any CPU.ActiveCfg = Debug|Any CPU
		{29FDD13D-7B5C-452F-A404-FA3E23B7D97E}.Debug|Any CPU.Build.0 = Debug|Any CPU
		{29FDD13D-7B5C-452F-A404-FA3E23B7D97E}.Release|Any CPU.ActiveCfg = Release|Any CPU
		{29FDD13D-7B5C-452F-A404-FA3E23B7D97E}.Release|Any CPU.Build.0 = Release|Any CPU
	EndGlobalSection
	GlobalSection(SolutionProperties) = preSolution
		HideSolutionNode = FALSE
	EndGlobalSection
EndGlobal
